// !$*UTF8*$!
{
	archiveVersion = 1;
	classes = {
	};
	objectVersion = 44;
	objects = {

/* Begin PBXAggregateTarget section */
		0E0E34E90D0097020086C1E6 /* Package */ = {
			isa = PBXAggregateTarget;
			buildConfigurationList = 0E0E34EC0D0097200086C1E6 /* Build configuration list for PBXAggregateTarget "Package" */;
			buildPhases = (
				0E0E34E80D0097020086C1E6 /* ShellScript */,
			);
			dependencies = (
				0E0E34EE0D0097280086C1E6 /* PBXTargetDependency */,
			);
			name = Package;
			productName = Package;
		};
/* End PBXAggregateTarget section */

/* Begin PBXBuildFile section */
		0E8776570D08E004005040B4 /* Common.h in Headers */ = {isa = PBXBuildFile; fileRef = 0E8776550D08E004005040B4 /* Common.h */; };
		0E8776580D08E004005040B4 /* Common.m in Sources */ = {isa = PBXBuildFile; fileRef = 0E8776560D08E004005040B4 /* Common.m */; };
		0E8776B70D08ED64005040B4 /* WebKit.framework in Frameworks */ = {isa = PBXBuildFile; fileRef = 0E8776B60D08ED64005040B4 /* WebKit.framework */; };
		0E8776BD0D08EDA4005040B4 /* AppKit.framework in Frameworks */ = {isa = PBXBuildFile; fileRef = 0E8776BC0D08EDA4005040B4 /* AppKit.framework */; };
		0EC047970CFBDADF009C986E /* Foundation.framework in Frameworks */ = {isa = PBXBuildFile; fileRef = 0EC047960CFBDADF009C986E /* Foundation.framework */; };
		0ECBBA6C0CFCA37500416538 /* QLColorCode.qlgenerator in Copy to Library */ = {isa = PBXBuildFile; fileRef = 8D576316048677EA00EA77CD /* QLColorCode.qlgenerator */; };
		0ECBBB5E0CFD447E00416538 /* colorize.sh in Resources */ = {isa = PBXBuildFile; fileRef = 0ECBBB5D0CFD447E00416538 /* colorize.sh */; };
		0ECBBD090CFE4B9800416538 /* nautumn.py in Install Style */ = {isa = PBXBuildFile; fileRef = 0ECBBCFC0CFE4AC100416538 /* nautumn.py */; };
		2C05A19C06CAA52B00D84F6F /* GeneratePreviewForURL.m in Sources */ = {isa = PBXBuildFile; fileRef = 2C05A19B06CAA52B00D84F6F /* GeneratePreviewForURL.m */; };
		61E3BCFB0870B4F2002186A0 /* GenerateThumbnailForURL.m in Sources */ = {isa = PBXBuildFile; fileRef = 61E3BCFA0870B4F2002186A0 /* GenerateThumbnailForURL.m */; };
		8D576312048677EA00EA77CD /* main.c in Sources */ = {isa = PBXBuildFile; fileRef = 08FB77B6FE84183AC02AAC07 /* main.c */; settings = {ATTRIBUTES = (); }; };
		8D576314048677EA00EA77CD /* CoreFoundation.framework in Frameworks */ = {isa = PBXBuildFile; fileRef = 0AA1909FFE8422F4C02AAC07 /* CoreFoundation.framework */; };
		8D5B49A804867FD3000E48DA /* InfoPlist.strings in Resources */ = {isa = PBXBuildFile; fileRef = 8D5B49A704867FD3000E48DA /* InfoPlist.strings */; };
		C86B05270671AA6E00DD9006 /* CoreServices.framework in Frameworks */ = {isa = PBXBuildFile; fileRef = C86B05260671AA6E00DD9006 /* CoreServices.framework */; };
		F28CFBFD0A3EC0AF000ABFF5 /* ApplicationServices.framework in Frameworks */ = {isa = PBXBuildFile; fileRef = F28CFBFC0A3EC0AF000ABFF5 /* ApplicationServices.framework */; };
		F28CFC030A3EC0C6000ABFF5 /* QuickLook.framework in Frameworks */ = {isa = PBXBuildFile; fileRef = F28CFC020A3EC0C6000ABFF5 /* QuickLook.framework */; };
/* End PBXBuildFile section */

/* Begin PBXContainerItemProxy section */
		0E0E34ED0D0097280086C1E6 /* PBXContainerItemProxy */ = {
			isa = PBXContainerItemProxy;
			containerPortal = 089C1669FE841209C02AAC07 /* Project object */;
			proxyType = 1;
			remoteGlobalIDString = 8D57630D048677EA00EA77CD;
			remoteInfo = QLColorCode;
		};
/* End PBXContainerItemProxy section */

/* Begin PBXCopyFilesBuildPhase section */
		0ECBBA6F0CFCA39E00416538 /* Copy to Library */ = {
			isa = PBXCopyFilesBuildPhase;
			buildActionMask = 12;
			dstPath = "${HOME}/Library/QuickLook/";
			dstSubfolderSpec = 0;
			files = (
				0ECBBA6C0CFCA37500416538 /* QLColorCode.qlgenerator in Copy to Library */,
			);
			name = "Copy to Library";
			runOnlyForDeploymentPostprocessing = 0;
		};
		0ECBBD060CFE4B1A00416538 /* Install Style */ = {
			isa = PBXCopyFilesBuildPhase;
			buildActionMask = 2147483647;
			dstPath = "pygments/Pygments-0.9-py2.5.egg/pygments/styles";
			dstSubfolderSpec = 7;
			files = (
				0ECBBD090CFE4B9800416538 /* nautumn.py in Install Style */,
			);
			name = "Install Style";
			runOnlyForDeploymentPostprocessing = 0;
		};
/* End PBXCopyFilesBuildPhase section */

/* Begin PBXFileReference section */
		089C167EFE841241C02AAC07 /* English */ = {isa = PBXFileReference; fileEncoding = 10; lastKnownFileType = text.plist.strings; name = English; path = English.lproj/InfoPlist.strings; sourceTree = "<group>"; };
		08FB77B6FE84183AC02AAC07 /* main.c */ = {isa = PBXFileReference; fileEncoding = 4; lastKnownFileType = sourcecode.c.c; path = main.c; sourceTree = "<group>"; };
		0AA1909FFE8422F4C02AAC07 /* CoreFoundation.framework */ = {isa = PBXFileReference; lastKnownFileType = wrapper.framework; name = CoreFoundation.framework; path = /System/Library/Frameworks/CoreFoundation.framework; sourceTree = "<absolute>"; };
		0E51C65F0D04E492007853CB /* ChangeLog.txt */ = {isa = PBXFileReference; fileEncoding = 4; lastKnownFileType = text; path = ChangeLog.txt; sourceTree = "<group>"; };
		0E8776550D08E004005040B4 /* Common.h */ = {isa = PBXFileReference; fileEncoding = 4; lastKnownFileType = sourcecode.c.h; path = Common.h; sourceTree = "<group>"; };
		0E8776560D08E004005040B4 /* Common.m */ = {isa = PBXFileReference; fileEncoding = 4; lastKnownFileType = sourcecode.c.objc; path = Common.m; sourceTree = "<group>"; };
		0E8776B60D08ED64005040B4 /* WebKit.framework */ = {isa = PBXFileReference; lastKnownFileType = wrapper.framework; name = WebKit.framework; path = SDKs/MacOSX10.5.sdk/System/Library/Frameworks/WebKit.framework; sourceTree = DEVELOPER_DIR; };
		0E8776BC0D08EDA4005040B4 /* AppKit.framework */ = {isa = PBXFileReference; lastKnownFileType = wrapper.framework; name = AppKit.framework; path = SDKs/MacOSX10.5.sdk/System/Library/Frameworks/AppKit.framework; sourceTree = DEVELOPER_DIR; };
		0EC047960CFBDADF009C986E /* Foundation.framework */ = {isa = PBXFileReference; lastKnownFileType = wrapper.framework; name = Foundation.framework; path = SDKs/MacOSX10.5.sdk/System/Library/Frameworks/Foundation.framework; sourceTree = DEVELOPER_DIR; };
		0EC047F20CFC000A009C986E /* Notes.txt */ = {isa = PBXFileReference; fileEncoding = 4; lastKnownFileType = text; path = Notes.txt; sourceTree = "<group>"; };
		0ECBBB360CFCF98600416538 /* ReadMe.txt */ = {isa = PBXFileReference; fileEncoding = 4; lastKnownFileType = text; path = ReadMe.txt; sourceTree = "<group>"; };
		0ECBBB5D0CFD447E00416538 /* colorize.sh */ = {isa = PBXFileReference; fileEncoding = 4; lastKnownFileType = text.script.sh; path = colorize.sh; sourceTree = "<group>"; };
		0ECBBCFC0CFE4AC100416538 /* nautumn.py */ = {isa = PBXFileReference; fileEncoding = 4; lastKnownFileType = text.script.python; path = nautumn.py; sourceTree = "<group>"; };
		2C05A19B06CAA52B00D84F6F /* GeneratePreviewForURL.m */ = {isa = PBXFileReference; fileEncoding = 4; lastKnownFileType = sourcecode.c.objc; path = GeneratePreviewForURL.m; sourceTree = "<group>"; };
		61E3BCFA0870B4F2002186A0 /* GenerateThumbnailForURL.m */ = {isa = PBXFileReference; fileEncoding = 30; lastKnownFileType = sourcecode.c.objc; path = GenerateThumbnailForURL.m; sourceTree = "<group>"; };
		8D576316048677EA00EA77CD /* QLColorCode.qlgenerator */ = {isa = PBXFileReference; explicitFileType = wrapper.cfbundle; includeInIndex = 0; path = QLColorCode.qlgenerator; sourceTree = BUILT_PRODUCTS_DIR; };
		8D576317048677EA00EA77CD /* Info.plist */ = {isa = PBXFileReference; fileEncoding = 4; lastKnownFileType = text.plist; path = Info.plist; sourceTree = "<group>"; };
		C86B05260671AA6E00DD9006 /* CoreServices.framework */ = {isa = PBXFileReference; lastKnownFileType = wrapper.framework; name = CoreServices.framework; path = /System/Library/Frameworks/CoreServices.framework; sourceTree = "<absolute>"; };
		F28CFBFC0A3EC0AF000ABFF5 /* ApplicationServices.framework */ = {isa = PBXFileReference; lastKnownFileType = wrapper.framework; name = ApplicationServices.framework; path = /System/Library/Frameworks/ApplicationServices.framework; sourceTree = "<absolute>"; };
		F28CFC020A3EC0C6000ABFF5 /* QuickLook.framework */ = {isa = PBXFileReference; lastKnownFileType = wrapper.framework; name = QuickLook.framework; path = /System/Library/Frameworks/QuickLook.framework; sourceTree = "<absolute>"; };
/* End PBXFileReference section */

/* Begin PBXFrameworksBuildPhase section */
		8D576313048677EA00EA77CD /* Frameworks */ = {
			isa = PBXFrameworksBuildPhase;
			buildActionMask = 2147483647;
			files = (
				8D576314048677EA00EA77CD /* CoreFoundation.framework in Frameworks */,
				C86B05270671AA6E00DD9006 /* CoreServices.framework in Frameworks */,
				F28CFBFD0A3EC0AF000ABFF5 /* ApplicationServices.framework in Frameworks */,
				F28CFC030A3EC0C6000ABFF5 /* QuickLook.framework in Frameworks */,
				0EC047970CFBDADF009C986E /* Foundation.framework in Frameworks */,
				0E8776B70D08ED64005040B4 /* WebKit.framework in Frameworks */,
				0E8776BD0D08EDA4005040B4 /* AppKit.framework in Frameworks */,
			);
			runOnlyForDeploymentPostprocessing = 0;
		};
/* End PBXFrameworksBuildPhase section */

/* Begin PBXGroup section */
		089C166AFE841209C02AAC07 /* QLColorCode */ = {
			isa = PBXGroup;
			children = (
				0EC047F20CFC000A009C986E /* Notes.txt */,
				0ECBBB360CFCF98600416538 /* ReadMe.txt */,
				0E51C65F0D04E492007853CB /* ChangeLog.txt */,
				08FB77AFFE84173DC02AAC07 /* Source */,
				089C167CFE841241C02AAC07 /* Resources */,
				089C1671FE841209C02AAC07 /* External Frameworks and Libraries */,
				19C28FB6FE9D52B211CA2CBB /* Products */,
			);
			name = QLColorCode;
			sourceTree = "<group>";
		};
		089C1671FE841209C02AAC07 /* External Frameworks and Libraries */ = {
			isa = PBXGroup;
			children = (
				0E8776BC0D08EDA4005040B4 /* AppKit.framework */,
				0E8776B60D08ED64005040B4 /* WebKit.framework */,
				0EC047960CFBDADF009C986E /* Foundation.framework */,
				F28CFC020A3EC0C6000ABFF5 /* QuickLook.framework */,
				F28CFBFC0A3EC0AF000ABFF5 /* ApplicationServices.framework */,
				C86B05260671AA6E00DD9006 /* CoreServices.framework */,
				0AA1909FFE8422F4C02AAC07 /* CoreFoundation.framework */,
			);
			name = "External Frameworks and Libraries";
			sourceTree = "<group>";
		};
		089C167CFE841241C02AAC07 /* Resources */ = {
			isa = PBXGroup;
			children = (
				8D576317048677EA00EA77CD /* Info.plist */,
				8D5B49A704867FD3000E48DA /* InfoPlist.strings */,
			);
			name = Resources;
			sourceTree = "<group>";
		};
		08FB77AFFE84173DC02AAC07 /* Source */ = {
			isa = PBXGroup;
			children = (
				0E8776550D08E004005040B4 /* Common.h */,
				0E8776560D08E004005040B4 /* Common.m */,
				61E3BCFA0870B4F2002186A0 /* GenerateThumbnailForURL.m */,
				2C05A19B06CAA52B00D84F6F /* GeneratePreviewForURL.m */,
				08FB77B6FE84183AC02AAC07 /* main.c */,
				0ECBBB5D0CFD447E00416538 /* colorize.sh */,
				0ECBBCFC0CFE4AC100416538 /* nautumn.py */,
			);
			name = Source;
			sourceTree = "<group>";
		};
		19C28FB6FE9D52B211CA2CBB /* Products */ = {
			isa = PBXGroup;
			children = (
				8D576316048677EA00EA77CD /* QLColorCode.qlgenerator */,
			);
			name = Products;
			sourceTree = "<group>";
		};
/* End PBXGroup section */

/* Begin PBXHeadersBuildPhase section */
		8D57630E048677EA00EA77CD /* Headers */ = {
			isa = PBXHeadersBuildPhase;
			buildActionMask = 2147483647;
			files = (
				0E8776570D08E004005040B4 /* Common.h in Headers */,
			);
			runOnlyForDeploymentPostprocessing = 0;
		};
/* End PBXHeadersBuildPhase section */

/* Begin PBXNativeTarget section */
		8D57630D048677EA00EA77CD /* QLColorCode */ = {
			isa = PBXNativeTarget;
			buildConfigurationList = 2CA3261E0896AD4900168862 /* Build configuration list for PBXNativeTarget "QLColorCode" */;
			buildPhases = (
				8D57630E048677EA00EA77CD /* Headers */,
				8D57630F048677EA00EA77CD /* Resources */,
				8D576311048677EA00EA77CD /* Sources */,
				8D576313048677EA00EA77CD /* Frameworks */,
				0EC048F20CFC103D009C986E /* Install Pygments */,
				0ECBBD060CFE4B1A00416538 /* Install Style */,
				0ECBBA6F0CFCA39E00416538 /* Copy to Library */,
			);
			buildRules = (
			);
			dependencies = (
			);
			name = QLColorCode;
			productInstallPath = /Library/QuickLook;
			productName = QLColorCode;
			productReference = 8D576316048677EA00EA77CD /* QLColorCode.qlgenerator */;
			productType = "com.apple.product-type.bundle";
		};
/* End PBXNativeTarget section */

/* Begin PBXProject section */
		089C1669FE841209C02AAC07 /* Project object */ = {
			isa = PBXProject;
			buildConfigurationList = 2CA326220896AD4900168862 /* Build configuration list for PBXProject "QLColorCode" */;
			compatibilityVersion = "Xcode 3.0";
			hasScannedForEncodings = 1;
			mainGroup = 089C166AFE841209C02AAC07 /* QLColorCode */;
			projectDirPath = "";
			projectRoot = "";
			targets = (
				8D57630D048677EA00EA77CD /* QLColorCode */,
				0E0E34E90D0097020086C1E6 /* Package */,
			);
		};
/* End PBXProject section */

/* Begin PBXResourcesBuildPhase section */
		8D57630F048677EA00EA77CD /* Resources */ = {
			isa = PBXResourcesBuildPhase;
			buildActionMask = 2147483647;
			files = (
				8D5B49A804867FD3000E48DA /* InfoPlist.strings in Resources */,
				0ECBBB5E0CFD447E00416538 /* colorize.sh in Resources */,
			);
			runOnlyForDeploymentPostprocessing = 0;
		};
/* End PBXResourcesBuildPhase section */

/* Begin PBXShellScriptBuildPhase section */
		0E0E34E80D0097020086C1E6 /* ShellScript */ = {
			isa = PBXShellScriptBuildPhase;
			buildActionMask = 2147483647;
			files = (
			);
			inputPaths = (
			);
			outputPaths = (
			);
			runOnlyForDeploymentPostprocessing = 0;
			shellPath = "/bin/zsh -x";
			shellScript = "# shell script goes here\nif [ $BUILD_STYLE != \"Release\" ]; then\n   echo \"Error: Must use Release build style\"\n   exit 1\nfi\n\ncd $PROJECT_DIR\nmkdir -vp release\ncd release\npkgDir=QLColorCode-$CURRENT_PROJECT_VERSION\nrm -rf $pkgDir\nmkdir $pkgDir\ncp -rp $TARGET_BUILD_DIR/*.qlgenerator $pkgDir\ncp ../ReadMe.txt $pkgDir\ncp ../LICENSE.txt $pkgDir\ntar cvzf $pkgDir.tgz $pkgDir";
		};
		0EC048F20CFC103D009C986E /* Install Pygments */ = {
			isa = PBXShellScriptBuildPhase;
			buildActionMask = 2147483647;
			files = (
			);
			inputPaths = (
			);
			name = "Install Pygments";
			outputPaths = (
			);
			runOnlyForDeploymentPostprocessing = 0;
			shellPath = "/bin/zsh -x";
			shellScript = "umask 022\ninstDir=${BUILT_PRODUCTS_DIR}/${CONTENTS_FOLDER_PATH}/Resources/pygments\nmkdir -p ${instDir}\n\ncd pygments-src\nPYTHONPATH=$instDir python setup.py install --install-lib $instDir --install-scripts $instDir";
			showEnvVarsInLog = 0;
		};
/* End PBXShellScriptBuildPhase section */

/* Begin PBXSourcesBuildPhase section */
		8D576311048677EA00EA77CD /* Sources */ = {
			isa = PBXSourcesBuildPhase;
			buildActionMask = 2147483647;
			files = (
				8D576312048677EA00EA77CD /* main.c in Sources */,
				2C05A19C06CAA52B00D84F6F /* GeneratePreviewForURL.m in Sources */,
				61E3BCFB0870B4F2002186A0 /* GenerateThumbnailForURL.m in Sources */,
				0E8776580D08E004005040B4 /* Common.m in Sources */,
			);
			runOnlyForDeploymentPostprocessing = 0;
		};
/* End PBXSourcesBuildPhase section */

/* Begin PBXTargetDependency section */
		0E0E34EE0D0097280086C1E6 /* PBXTargetDependency */ = {
			isa = PBXTargetDependency;
			target = 8D57630D048677EA00EA77CD /* QLColorCode */;
			targetProxy = 0E0E34ED0D0097280086C1E6 /* PBXContainerItemProxy */;
		};
/* End PBXTargetDependency section */

/* Begin PBXVariantGroup section */
		8D5B49A704867FD3000E48DA /* InfoPlist.strings */ = {
			isa = PBXVariantGroup;
			children = (
				089C167EFE841241C02AAC07 /* English */,
			);
			name = InfoPlist.strings;
			sourceTree = "<group>";
		};
/* End PBXVariantGroup section */

/* Begin XCBuildConfiguration section */
		0E0E34EA0D0097020086C1E6 /* Debug */ = {
			isa = XCBuildConfiguration;
			buildSettings = {
				COPY_PHASE_STRIP = NO;
				GCC_DYNAMIC_NO_PIC = NO;
				GCC_OPTIMIZATION_LEVEL = 0;
				PRODUCT_NAME = Package;
			};
			name = Debug;
		};
		0E0E34EB0D0097020086C1E6 /* Release */ = {
			isa = XCBuildConfiguration;
			buildSettings = {
				COPY_PHASE_STRIP = YES;
				DEBUG_INFORMATION_FORMAT = "dwarf-with-dsym";
				GCC_ENABLE_FIX_AND_CONTINUE = NO;
				PRODUCT_NAME = Package;
				ZERO_LINK = NO;
			};
			name = Release;
		};
		2CA3261F0896AD4900168862 /* Debug */ = {
			isa = XCBuildConfiguration;
			buildSettings = {
				COPY_PHASE_STRIP = NO;
				FRAMEWORK_SEARCH_PATHS = (
					"$(inherited)",
					"\"$(DEVELOPER_DIR)/SDKs/MacOSX10.5.sdk/System/Library/Frameworks\"",
				);
				GCC_DYNAMIC_NO_PIC = NO;
				GCC_ENABLE_FIX_AND_CONTINUE = YES;
				GCC_MODEL_TUNING = G5;
				GCC_OPTIMIZATION_LEVEL = 0;
				GCC_PRECOMPILE_PREFIX_HEADER = NO;
				INFOPLIST_FILE = Info.plist;
				INSTALL_PATH = /Library/QuickLook;
				PRODUCT_NAME = QLColorCode;
				VALID_ARCHS = "i386 ppc";
				WRAPPER_EXTENSION = qlgenerator;
				ZERO_LINK = YES;
			};
			name = Debug;
		};
		2CA326200896AD4900168862 /* Release */ = {
			isa = XCBuildConfiguration;
			buildSettings = {
				DEBUG_INFORMATION_FORMAT = "dwarf-with-dsym";
				FRAMEWORK_SEARCH_PATHS = (
					"$(inherited)",
					"\"$(DEVELOPER_DIR)/SDKs/MacOSX10.5.sdk/System/Library/Frameworks\"",
				);
				GCC_MODEL_TUNING = G5;
				GCC_PRECOMPILE_PREFIX_HEADER = NO;
				INFOPLIST_FILE = Info.plist;
				INSTALL_PATH = /Library/QuickLook;
				PRODUCT_NAME = QLColorCode;
				VALID_ARCHS = "i386 ppc";
				WRAPPER_EXTENSION = qlgenerator;
			};
			name = Release;
		};
		2CA326230896AD4900168862 /* Debug */ = {
			isa = XCBuildConfiguration;
			buildSettings = {
				CURRENT_PROJECT_VERSION = 0.2;
				GCC_WARN_ABOUT_RETURN_TYPE = YES;
				GCC_WARN_UNUSED_VARIABLE = YES;
				PREBINDING = NO;
				SDKROOT = "$(DEVELOPER_SDK_DIR)/MacOSX10.5.sdk";
			};
			name = Debug;
		};
		2CA326240896AD4900168862 /* Release */ = {
			isa = XCBuildConfiguration;
			buildSettings = {
				ARCHS = (
					ppc,
					i386,
				);
				CURRENT_PROJECT_VERSION = 0.2;
				GCC_WARN_ABOUT_RETURN_TYPE = YES;
				GCC_WARN_UNUSED_VARIABLE = YES;
				PREBINDING = NO;
				SDKROOT = "$(DEVELOPER_SDK_DIR)/MacOSX10.5.sdk";
			};
			name = Release;
		};
/* End XCBuildConfiguration section */

/* Begin XCConfigurationList section */
		0E0E34EC0D0097200086C1E6 /* Build configuration list for PBXAggregateTarget "Package" */ = {
			isa = XCConfigurationList;
			buildConfigurations = (
				0E0E34EA0D0097020086C1E6 /* Debug */,
				0E0E34EB0D0097020086C1E6 /* Release */,
			);
			defaultConfigurationIsVisible = 0;
			defaultConfigurationName = Release;
		};
		2CA3261E0896AD4900168862 /* Build configuration list for PBXNativeTarget "QLColorCode" */ = {
			isa = XCConfigurationList;
			buildConfigurations = (
				2CA3261F0896AD4900168862 /* Debug */,
				2CA326200896AD4900168862 /* Release */,
			);
			defaultConfigurationIsVisible = 0;
			defaultConfigurationName = Release;
		};
		2CA326220896AD4900168862 /* Build configuration list for PBXProject "QLColorCode" */ = {
			isa = XCConfigurationList;
			buildConfigurations = (
				2CA326230896AD4900168862 /* Debug */,
				2CA326240896AD4900168862 /* Release */,
			);
			defaultConfigurationIsVisible = 0;
			defaultConfigurationName = Release;
		};
/* End XCConfigurationList section */
	};
	rootObject = 089C1669FE841209C02AAC07 /* Project object */;
}
